
Microsoft Visual Studio Solution File, Format Version 12.00
# Visual Studio Version 16
VisualStudioVersion = 16.0.28917.181
MinimumVisualStudioVersion = 10.0.40219.1
Project("{888888A0-9F3D-457C-B088-3A5042F75D52}") = "10.1 clock", "10.1 clock.pyproj", "{A778DE59-A535-4392-8A62-C1012188A05B}"
EndProject
Global
	GlobalSection(SolutionConfigurationPlatforms) = preSolution
		Debug|Any CPU = Debug|Any CPU
		Release|Any CPU = Release|Any CPU
	EndGlobalSection
	GlobalSection(ProjectConfigurationPlatforms) = postSolution
		{A778DE59-A535-4392-8A62-C1012188A05B}.Debug|Any CPU.ActiveCfg = Debug|Any CPU
		{A778DE59-A535-4392-8A62-C1012188A05B}.Release|Any CPU.ActiveCfg = Release|Any CPU
	EndGlobalSection
	GlobalSection(SolutionProperties) = preSolution
		HideSolutionNode = FALSE
	EndGlobalSection
	GlobalSection(ExtensibilityGlobals) = postSolution
		SolutionGuid = {A6ACEAD3-1F3B-4553-BE0A-DCCECE901825}
	EndGlobalSection
EndGlobal
